// !$*UTF8*$!
{
	archiveVersion = 1;
	classes = {
	};
	objectVersion = 46;
	objects = {

/* Begin PBXBuildFile section */
		120B36B619A8965700C93AFD /* AppDelegate.swift in Sources */ = {isa = PBXBuildFile; fileRef = 120B36B519A8965700C93AFD /* AppDelegate.swift */; };
		120B36B819A8965700C93AFD /* ViewController.swift in Sources */ = {isa = PBXBuildFile; fileRef = 120B36B719A8965700C93AFD /* ViewController.swift */; };
		120B36BB19A8965700C93AFD /* Main.storyboard in Resources */ = {isa = PBXBuildFile; fileRef = 120B36B919A8965700C93AFD /* Main.storyboard */; };
		120B36BD19A8965700C93AFD /* Images.xcassets in Resources */ = {isa = PBXBuildFile; fileRef = 120B36BC19A8965700C93AFD /* Images.xcassets */; };
		120B36C919A8965700C93AFD /* KnifeTests.swift in Sources */ = {isa = PBXBuildFile; fileRef = 120B36C819A8965700C93AFD /* KnifeTests.swift */; };
/* End PBXBuildFile section */

/* Begin PBXContainerItemProxy section */
		120B36C319A8965700C93AFD /* PBXContainerItemProxy */ = {
			isa = PBXContainerItemProxy;
			containerPortal = 120B36A819A8965700C93AFD /* Project object */;
			proxyType = 1;
			remoteGlobalIDString = 120B36AF19A8965700C93AFD;
			remoteInfo = Knife;
		};
/* End PBXContainerItemProxy section */

/* Begin PBXFileReference section */
		120B36B019A8965700C93AFD /* Knife.app */ = {isa = PBXFileReference; explicitFileType = wrapper.application; includeInIndex = 0; path = Knife.app; sourceTree = BUILT_PRODUCTS_DIR; };
		120B36B419A8965700C93AFD /* Info.plist */ = {isa = PBXFileReference; lastKnownFileType = text.plist.xml; path = Info.plist; sourceTree = "<group>"; };
		120B36B519A8965700C93AFD /* AppDelegate.swift */ = {isa = PBXFileReference; lastKnownFileType = sourcecode.swift; path = AppDelegate.swift; sourceTree = "<group>"; };
		120B36B719A8965700C93AFD /* ViewController.swift */ = {isa = PBXFileReference; lastKnownFileType = sourcecode.swift; path = ViewController.swift; sourceTree = "<group>"; };
		120B36BA19A8965700C93AFD /* Base */ = {isa = PBXFileReference; lastKnownFileType = file.storyboard; name = Base; path = Base.lproj/Main.storyboard; sourceTree = "<group>"; };
		120B36BC19A8965700C93AFD /* Images.xcassets */ = {isa = PBXFileReference; lastKnownFileType = folder.assetcatalog; path = Images.xcassets; sourceTree = "<group>"; };
		120B36C219A8965700C93AFD /* KnifeTests.xctest */ = {isa = PBXFileReference; explicitFileType = wrapper.cfbundle; includeInIndex = 0; path = KnifeTests.xctest; sourceTree = BUILT_PRODUCTS_DIR; };
		120B36C719A8965700C93AFD /* Info.plist */ = {isa = PBXFileReference; lastKnownFileType = text.plist.xml; path = Info.plist; sourceTree = "<group>"; };
		120B36C819A8965700C93AFD /* KnifeTests.swift */ = {isa = PBXFileReference; lastKnownFileType = sourcecode.swift; path = KnifeTests.swift; sourceTree = "<group>"; };
/* End PBXFileReference section */

/* Begin PBXFrameworksBuildPhase section */
		120B36AD19A8965700C93AFD /* Frameworks */ = {
			isa = PBXFrameworksBuildPhase;
			buildActionMask = 2147483647;
			files = (
			);
			runOnlyForDeploymentPostprocessing = 0;
		};
		120B36BF19A8965700C93AFD /* Frameworks */ = {
			isa = PBXFrameworksBuildPhase;
			buildActionMask = 2147483647;
			files = (
			);
			runOnlyForDeploymentPostprocessing = 0;
		};
/* End PBXFrameworksBuildPhase section */

/* Begin PBXGroup section */
		120B36A719A8965700C93AFD = {
			isa = PBXGroup;
			children = (
				120B36B219A8965700C93AFD /* Knife */,
				120B36C519A8965700C93AFD /* KnifeTests */,
				120B36B119A8965700C93AFD /* Products */,
			);
			sourceTree = "<group>";
		};
		120B36B119A8965700C93AFD /* Products */ = {
			isa = PBXGroup;
			children = (
				120B36B019A8965700C93AFD /* Knife.app */,
				120B36C219A8965700C93AFD /* KnifeTests.xctest */,
			);
			name = Products;
			sourceTree = "<group>";
		};
		120B36B219A8965700C93AFD /* Knife */ = {
			isa = PBXGroup;
			children = (
				120B36B519A8965700C93AFD /* AppDelegate.swift */,
				120B36B719A8965700C93AFD /* ViewController.swift */,
				120B36B919A8965700C93AFD /* Main.storyboard */,
				120B36BC19A8965700C93AFD /* Images.xcassets */,
				120B36B319A8965700C93AFD /* Supporting Files */,
			);
			path = Knife;
			sourceTree = "<group>";
		};
		120B36B319A8965700C93AFD /* Supporting Files */ = {
			isa = PBXGroup;
			children = (
				120B36B419A8965700C93AFD /* Info.plist */,
			);
			name = "Supporting Files";
			sourceTree = "<group>";
		};
		120B36C519A8965700C93AFD /* KnifeTests */ = {
			isa = PBXGroup;
			children = (
				120B36C819A8965700C93AFD /* KnifeTests.swift */,
				120B36C619A8965700C93AFD /* Supporting Files */,
			);
			path = KnifeTests;
			sourceTree = "<group>";
		};
		120B36C619A8965700C93AFD /* Supporting Files */ = {
			isa = PBXGroup;
			children = (
				120B36C719A8965700C93AFD /* Info.plist */,
			);
			name = "Supporting Files";
			sourceTree = "<group>";
		};
/* End PBXGroup section */

/* Begin PBXNativeTarget section */
		120B36AF19A8965700C93AFD /* Knife */ = {
			isa = PBXNativeTarget;
			buildConfigurationList = 120B36CC19A8965700C93AFD /* Build configuration list for PBXNativeTarget "Knife" */;
			buildPhases = (
				120B36AC19A8965700C93AFD /* Sources */,
				120B36AD19A8965700C93AFD /* Frameworks */,
				120B36AE19A8965700C93AFD /* Resources */,
			);
			buildRules = (
			);
			dependencies = (
			);
			name = Knife;
			productName = Knife;
			productReference = 120B36B019A8965700C93AFD /* Knife.app */;
			productType = "com.apple.product-type.application";
		};
		120B36C119A8965700C93AFD /* KnifeTests */ = {
			isa = PBXNativeTarget;
			buildConfigurationList = 120B36CF19A8965700C93AFD /* Build configuration list for PBXNativeTarget "KnifeTests" */;
			buildPhases = (
				120B36BE19A8965700C93AFD /* Sources */,
				120B36BF19A8965700C93AFD /* Frameworks */,
				120B36C019A8965700C93AFD /* Resources */,
			);
			buildRules = (
			);
			dependencies = (
				120B36C419A8965700C93AFD /* PBXTargetDependency */,
			);
			name = KnifeTests;
			productName = KnifeTests;
			productReference = 120B36C219A8965700C93AFD /* KnifeTests.xctest */;
			productType = "com.apple.product-type.bundle.unit-test";
		};
/* End PBXNativeTarget section */

/* Begin PBXProject section */
		120B36A819A8965700C93AFD /* Project object */ = {
			isa = PBXProject;
			attributes = {
				LastUpgradeCheck = 0600;
				ORGANIZATIONNAME = Beacon;
				TargetAttributes = {
					120B36AF19A8965700C93AFD = {
						CreatedOnToolsVersion = 6.0;
					};
					120B36C119A8965700C93AFD = {
						CreatedOnToolsVersion = 6.0;
						TestTargetID = 120B36AF19A8965700C93AFD;
					};
				};
			};
			buildConfigurationList = 120B36AB19A8965700C93AFD /* Build configuration list for PBXProject "Knife" */;
			compatibilityVersion = "Xcode 3.2";
			developmentRegion = English;
			hasScannedForEncodings = 0;
			knownRegions = (
				en,
				Base,
			);
			mainGroup = 120B36A719A8965700C93AFD;
			productRefGroup = 120B36B119A8965700C93AFD /* Products */;
			projectDirPath = "";
			projectRoot = "";
			targets = (
				120B36AF19A8965700C93AFD /* Knife */,
				120B36C119A8965700C93AFD /* KnifeTests */,
			);
		};
/* End PBXProject section */

/* Begin PBXResourcesBuildPhase section */
		120B36AE19A8965700C93AFD /* Resources */ = {
			isa = PBXResourcesBuildPhase;
			buildActionMask = 2147483647;
			files = (
				120B36BB19A8965700C93AFD /* Main.storyboard in Resources */,
				120B36BD19A8965700C93AFD /* Images.xcassets in Resources */,
			);
			runOnlyForDeploymentPostprocessing = 0;
		};
		120B36C019A8965700C93AFD /* Resources */ = {
			isa = PBXResourcesBuildPhase;
			buildActionMask = 2147483647;
			files = (
			);
			runOnlyForDeploymentPostprocessing = 0;
		};
/* End PBXResourcesBuildPhase section */

/* Begin PBXSourcesBuildPhase section */
		120B36AC19A8965700C93AFD /* Sources */ = {
			isa = PBXSourcesBuildPhase;
			buildActionMask = 2147483647;
			files = (
				120B36B819A8965700C93AFD /* ViewController.swift in Sources */,
				120B36B619A8965700C93AFD /* AppDelegate.swift in Sources */,
			);
			runOnlyForDeploymentPostprocessing = 0;
		};
		120B36BE19A8965700C93AFD /* Sources */ = {
			isa = PBXSourcesBuildPhase;
			buildActionMask = 2147483647;
			files = (
				120B36C919A8965700C93AFD /* KnifeTests.swift in Sources */,
			);
			runOnlyForDeploymentPostprocessing = 0;
		};
/* End PBXSourcesBuildPhase section */

/* Begin PBXTargetDependency section */
		120B36C419A8965700C93AFD /* PBXTargetDependency */ = {
			isa = PBXTargetDependency;
			target = 120B36AF19A8965700C93AFD /* Knife */;
			targetProxy = 120B36C319A8965700C93AFD /* PBXContainerItemProxy */;
		};
/* End PBXTargetDependency section */

/* Begin PBXVariantGroup section */
		120B36B919A8965700C93AFD /* Main.storyboard */ = {
			isa = PBXVariantGroup;
			children = (
				120B36BA19A8965700C93AFD /* Base */,
			);
			name = Main.storyboard;
			sourceTree = "<group>";
		};
/* End PBXVariantGroup section */

/* Begin XCBuildConfiguration section */
		120B36CA19A8965700C93AFD /* Debug */ = {
			isa = XCBuildConfiguration;
			buildSettings = {
				ALWAYS_SEARCH_USER_PATHS = NO;
				CLANG_CXX_LANGUAGE_STANDARD = "gnu++0x";
				CLANG_CXX_LIBRARY = "libc++";
				CLANG_ENABLE_MODULES = YES;
				CLANG_ENABLE_OBJC_ARC = YES;
				CLANG_WARN_BOOL_CONVERSION = YES;
				CLANG_WARN_CONSTANT_CONVERSION = YES;
				CLANG_WARN_DIRECT_OBJC_ISA_USAGE = YES_ERROR;
				CLANG_WARN_EMPTY_BODY = YES;
				CLANG_WARN_ENUM_CONVERSION = YES;
				CLANG_WARN_INT_CONVERSION = YES;
				CLANG_WARN_OBJC_ROOT_CLASS = YES_ERROR;
				CLANG_WARN_UNREACHABLE_CODE = YES;
				CLANG_WARN__DUPLICATE_METHOD_MATCH = YES;
				"CODE_SIGN_IDENTITY[sdk=iphoneos*]" = "iPhone Developer";
				COPY_PHASE_STRIP = NO;
				ENABLE_STRICT_OBJC_MSGSEND = YES;
				GCC_C_LANGUAGE_STANDARD = gnu99;
				GCC_DYNAMIC_NO_PIC = NO;
				GCC_OPTIMIZATION_LEVEL = 0;
				GCC_PREPROCESSOR_DEFINITIONS = (
					"DEBUG=1",
					"$(inherited)",
				);
				GCC_SYMBOLS_PRIVATE_EXTERN = NO;
				GCC_WARN_64_TO_32_BIT_CONVERSION = YES;
				GCC_WARN_ABOUT_RETURN_TYPE = YES_ERROR;
				GCC_WARN_UNDECLARED_SELECTOR = YES;
				GCC_WARN_UNINITIALIZED_AUTOS = YES_AGGRESSIVE;
				GCC_WARN_UNUSED_FUNCTION = YES;
				GCC_WARN_UNUSED_VARIABLE = YES;
				IPHONEOS_DEPLOYMENT_TARGET = 8.0;
				METAL_ENABLE_DEBUG_INFO = YES;
				ONLY_ACTIVE_ARCH = YES;
				SDKROOT = iphoneos;
				SWIFT_OPTIMIZATION_LEVEL = "-Onone";
			};
			name = Debug;
		};
		120B36CB19A8965700C93AFD /* Release */ = {
			isa = XCBuildConfiguration;
			buildSettings = {
				ALWAYS_SEARCH_USER_PATHS = NO;
				CLANG_CXX_LANGUAGE_STANDARD = "gnu++0x";
				CLANG_CXX_LIBRARY = "libc++";
				CLANG_ENABLE_MODULES = YES;
				CLANG_ENABLE_OBJC_ARC = YES;
				CLANG_WARN_BOOL_CONVERSION = YES;
				CLANG_WARN_CONSTANT_CONVERSION = YES;
				CLANG_WARN_DIRECT_OBJC_ISA_USAGE = YES_ERROR;
				CLANG_WARN_EMPTY_BODY = YES;
				CLANG_WARN_ENUM_CONVERSION = YES;
				CLANG_WARN_INT_CONVERSION = YES;
				CLANG_WARN_OBJC_ROOT_CLASS = YES_ERROR;
				CLANG_WARN_UNREACHABLE_CODE = YES;
				CLANG_WARN__DUPLICATE_METHOD_MATCH = YES;
				"CODE_SIGN_IDENTITY[sdk=iphoneos*]" = "iPhone Developer";
				COPY_PHASE_STRIP = YES;
				ENABLE_NS_ASSERTIONS = NO;
				ENABLE_STRICT_OBJC_MSGSEND = YES;
				GCC_C_LANGUAGE_STANDARD = gnu99;
				GCC_WARN_64_TO_32_BIT_CONVERSION = YES;
				GCC_WARN_ABOUT_RETURN_TYPE = YES_ERROR;
				GCC_WARN_UNDECLARED_SELECTOR = YES;
				GCC_WARN_UNINITIALIZED_AUTOS = YES_AGGRESSIVE;
				GCC_WARN_UNUSED_FUNCTION = YES;
				GCC_WARN_UNUSED_VARIABLE = YES;
				IPHONEOS_DEPLOYMENT_TARGET = 8.0;
				METAL_ENABLE_DEBUG_INFO = NO;
				SDKROOT = iphoneos;
				VALIDATE_PRODUCT = YES;
			};
			name = Release;
		};
		120B36CD19A8965700C93AFD /* Debug */ = {
			isa = XCBuildConfiguration;
			buildSettings = {
				ASSETCATALOG_COMPILER_APPICON_NAME = AppIcon;
				ASSETCATALOG_COMPILER_LAUNCHIMAGE_NAME = LaunchImage;
				INFOPLIST_FILE = Knife/Info.plist;
				LD_RUNPATH_SEARCH_PATHS = "$(inherited) @executable_path/Frameworks";
				PRODUCT_NAME = "$(TARGET_NAME)";
			};
			name = Debug;
		};
		120B36CE19A8965700C93AFD /* Release */ = {
			isa = XCBuildConfiguration;
			buildSettings = {
				ASSETCATALOG_COMPILER_APPICON_NAME = AppIcon;
				ASSETCATALOG_COMPILER_LAUNCHIMAGE_NAME = LaunchImage;
				INFOPLIST_FILE = Knife/Info.plist;
				LD_RUNPATH_SEARCH_PATHS = "$(inherited) @executable_path/Frameworks";
				PRODUCT_NAME = "$(TARGET_NAME)";
			};
			name = Release;
		};
		120B36D019A8965700C93AFD /* Debug */ = {
			isa = XCBuildConfiguration;
			buildSettings = {
				BUNDLE_LOADER = "$(BUILT_PRODUCTS_DIR)/Knife.app/Knife";
				FRAMEWORK_SEARCH_PATHS = (
					"$(SDKROOT)/Developer/Library/Frameworks",
					"$(inherited)",
				);
				GCC_PREPROCESSOR_DEFINITIONS = (
					"DEBUG=1",
					"$(inherited)",
				);
				INFOPLIST_FILE = KnifeTests/Info.plist;
				LD_RUNPATH_SEARCH_PATHS = "$(inherited) @executable_path/Frameworks @loader_path/Frameworks";
				METAL_ENABLE_DEBUG_INFO = YES;
				PRODUCT_NAME = "$(TARGET_NAME)";
				TEST_HOST = "$(BUNDLE_LOADER)";
			};
			name = Debug;
		};
		120B36D119A8965700C93AFD /* Release */ = {
			isa = XCBuildConfiguration;
			buildSettings = {
				BUNDLE_LOADER = "$(BUILT_PRODUCTS_DIR)/Knife.app/Knife";
				FRAMEWORK_SEARCH_PATHS = (
					"$(SDKROOT)/Developer/Library/Frameworks",
					"$(inherited)",
				);
				INFOPLIST_FILE = KnifeTests/Info.plist;
				LD_RUNPATH_SEARCH_PATHS = "$(inherited) @executable_path/Frameworks @loader_path/Frameworks";
				METAL_ENABLE_DEBUG_INFO = NO;
				PRODUCT_NAME = "$(TARGET_NAME)";
				TEST_HOST = "$(BUNDLE_LOADER)";
			};
			name = Release;
		};
/* End XCBuildConfiguration section */

/* Begin XCConfigurationList section */
		120B36AB19A8965700C93AFD /* Build configuration list for PBXProject "Knife" */ = {
			isa = XCConfigurationList;
			buildConfigurations = (
				120B36CA19A8965700C93AFD /* Debug */,
				120B36CB19A8965700C93AFD /* Release */,
			);
			defaultConfigurationIsVisible = 0;
			defaultConfigurationName = Release;
		};
		120B36CC19A8965700C93AFD /* Build configuration list for PBXNativeTarget "Knife" */ = {
			isa = XCConfigurationList;
			buildConfigurations = (
				120B36CD19A8965700C93AFD /* Debug */,
				120B36CE19A8965700C93AFD /* Release */,
			);
			defaultConfigurationIsVisible = 0;
		};
		120B36CF19A8965700C93AFD /* Build configuration list for PBXNativeTarget "KnifeTests" */ = {
			isa = XCConfigurationList;
			buildConfigurations = (
				120B36D019A8965700C93AFD /* Debug */,
				120B36D119A8965700C93AFD /* Release */,
			);
			defaultConfigurationIsVisible = 0;
		};
/* End XCConfigurationList section */
	};
	rootObject = 120B36A819A8965700C93AFD /* Project object */;
}
